
Microsoft Visual Studio Solution File, Format Version 12.00
# Visual Studio Version 16
VisualStudioVersion = 16.0.30114.105
MinimumVisualStudioVersion = 10.0.40219.1
Project("{FAE04EC0-301F-11D3-BF4B-00C04F79EFBC}") = "PaymentContext.Domain", "PaymentContext.Domain\PaymentContext.Domain.csproj", "{6FEA146A-11A2-4CB4-9620-2E9A1BEB59D9}"
EndProject
Project("{FAE04EC0-301F-11D3-BF4B-00C04F79EFBC}") = "PaymentContext.Shared", "PaymentContext.Shared\PaymentContext.Shared.csproj", "{32953733-8185-4F36-8470-3E5EACEE8D2B}"
EndProject
Project("{FAE04EC0-301F-11D3-BF4B-00C04F79EFBC}") = "PaymentContext.Tests", "PaymentContext.Tests\PaymentContext.Tests.csproj", "{D42E2D2E-2A3E-41AB-9CE2-90F1198BBAAB}"
EndProject
Global
	GlobalSection(SolutionConfigurationPlatforms) = preSolution
		Debug|Any CPU = Debug|Any CPU
		Debug|x64 = Debug|x64
		Debug|x86 = Debug|x86
		Release|Any CPU = Release|Any CPU
		Release|x64 = Release|x64
		Release|x86 = Release|x86
	EndGlobalSection
	GlobalSection(SolutionProperties) = preSolution
		HideSolutionNode = FALSE
	EndGlobalSection
	GlobalSection(ProjectConfigurationPlatforms) = postSolution
		{6FEA146A-11A2-4CB4-9620-2E9A1BEB59D9}.Debug|Any CPU.ActiveCfg = Debug|Any CPU
		{6FEA146A-11A2-4CB4-9620-2E9A1BEB59D9}.Debug|Any CPU.Build.0 = Debug|Any CPU
		{6FEA146A-11A2-4CB4-9620-2E9A1BEB59D9}.Debug|x64.ActiveCfg = Debug|Any CPU
		{6FEA146A-11A2-4CB4-9620-2E9A1BEB59D9}.Debug|x64.Build.0 = Debug|Any CPU
		{6FEA146A-11A2-4CB4-9620-2E9A1BEB59D9}.Debug|x86.ActiveCfg = Debug|Any CPU
		{6FEA146A-11A2-4CB4-9620-2E9A1BEB59D9}.Debug|x86.Build.0 = Debug|Any CPU
		{6FEA146A-11A2-4CB4-9620-2E9A1BEB59D9}.Release|Any CPU.ActiveCfg = Release|Any CPU
		{6FEA146A-11A2-4CB4-9620-2E9A1BEB59D9}.Release|Any CPU.Build.0 = Release|Any CPU
		{6FEA146A-11A2-4CB4-9620-2E9A1BEB59D9}.Release|x64.ActiveCfg = Release|Any CPU
		{6FEA146A-11A2-4CB4-9620-2E9A1BEB59D9}.Release|x64.Build.0 = Release|Any CPU
		{6FEA146A-11A2-4CB4-9620-2E9A1BEB59D9}.Release|x86.ActiveCfg = Release|Any CPU
		{6FEA146A-11A2-4CB4-9620-2E9A1BEB59D9}.Release|x86.Build.0 = Release|Any CPU
		{32953733-8185-4F36-8470-3E5EACEE8D2B}.Debug|Any CPU.ActiveCfg = Debug|Any CPU
		{32953733-8185-4F36-8470-3E5EACEE8D2B}.Debug|Any CPU.Build.0 = Debug|Any CPU
		{32953733-8185-4F36-8470-3E5EACEE8D2B}.Debug|x64.ActiveCfg = Debug|Any CPU
		{32953733-8185-4F36-8470-3E5EACEE8D2B}.Debug|x64.Build.0 = Debug|Any CPU
		{32953733-8185-4F36-8470-3E5EACEE8D2B}.Debug|x86.ActiveCfg = Debug|Any CPU
		{32953733-8185-4F36-8470-3E5EACEE8D2B}.Debug|x86.Build.0 = Debug|Any CPU
		{32953733-8185-4F36-8470-3E5EACEE8D2B}.Release|Any CPU.ActiveCfg = Release|Any CPU
		{32953733-8185-4F36-8470-3E5EACEE8D2B}.Release|Any CPU.Build.0 = Release|Any CPU
		{32953733-8185-4F36-8470-3E5EACEE8D2B}.Release|x64.ActiveCfg = Release|Any CPU
		{32953733-8185-4F36-8470-3E5EACEE8D2B}.Release|x64.Build.0 = Release|Any CPU
		{32953733-8185-4F36-8470-3E5EACEE8D2B}.Release|x86.ActiveCfg = Release|Any CPU
		{32953733-8185-4F36-8470-3E5EACEE8D2B}.Release|x86.Build.0 = Release|Any CPU
		{D42E2D2E-2A3E-41AB-9CE2-90F1198BBAAB}.Debug|Any CPU.ActiveCfg = Debug|Any CPU
		{D42E2D2E-2A3E-41AB-9CE2-90F1198BBAAB}.Debug|Any CPU.Build.0 = Debug|Any CPU
		{D42E2D2E-2A3E-41AB-9CE2-90F1198BBAAB}.Debug|x64.ActiveCfg = Debug|Any CPU
		{D42E2D2E-2A3E-41AB-9CE2-90F1198BBAAB}.Debug|x64.Build.0 = Debug|Any CPU
		{D42E2D2E-2A3E-41AB-9CE2-90F1198BBAAB}.Debug|x86.ActiveCfg = Debug|Any CPU
		{D42E2D2E-2A3E-41AB-9CE2-90F1198BBAAB}.Debug|x86.Build.0 = Debug|Any CPU
		{D42E2D2E-2A3E-41AB-9CE2-90F1198BBAAB}.Release|Any CPU.ActiveCfg = Release|Any CPU
		{D42E2D2E-2A3E-41AB-9CE2-90F1198BBAAB}.Release|Any CPU.Build.0 = Release|Any CPU
		{D42E2D2E-2A3E-41AB-9CE2-90F1198BBAAB}.Release|x64.ActiveCfg = Release|Any CPU
		{D42E2D2E-2A3E-41AB-9CE2-90F1198BBAAB}.Release|x64.Build.0 = Release|Any CPU
		{D42E2D2E-2A3E-41AB-9CE2-90F1198BBAAB}.Release|x86.ActiveCfg = Release|Any CPU
		{D42E2D2E-2A3E-41AB-9CE2-90F1198BBAAB}.Release|x86.Build.0 = Release|Any CPU
	EndGlobalSection
EndGlobal
